
Microsoft Visual Studio Solution File, Format Version 12.00
# Visual Studio 15
VisualStudioVersion = 15.0.28307.168
MinimumVisualStudioVersion = 10.0.40219.1
Project("{FAE04EC0-301F-11D3-BF4B-00C04F79EFBC}") = "CryptographyTest", "CryptographyTest\CryptographyTest.csproj", "{7757FF11-9959-4BA8-9E62-1B2A6F387115}"
EndProject
Global
	GlobalSection(SolutionConfigurationPlatforms) = preSolution
		Debug|Any CPU = Debug|Any CPU
		Release|Any CPU = Release|Any CPU
	EndGlobalSection
	GlobalSection(ProjectConfigurationPlatforms) = postSolution
		{7757FF11-9959-4BA8-9E62-1B2A6F387115}.Debug|Any CPU.ActiveCfg = Debug|Any CPU
		{7757FF11-9959-4BA8-9E62-1B2A6F387115}.Debug|Any CPU.Build.0 = Debug|Any CPU
		{7757FF11-9959-4BA8-9E62-1B2A6F387115}.Release|Any CPU.ActiveCfg = Release|Any CPU
		{7757FF11-9959-4BA8-9E62-1B2A6F387115}.Release|Any CPU.Build.0 = Release|Any CPU
	EndGlobalSection
	GlobalSection(SolutionProperties) = preSolution
		HideSolutionNode = FALSE
	EndGlobalSection
	GlobalSection(ExtensibilityGlobals) = postSolution
		SolutionGuid = {B66EC12A-83AF-4842-904D-17A38F65888A}
	EndGlobalSection
EndGlobal
